
Microsoft Visual Studio Solution File, Format Version 12.00
# Visual Studio 14
VisualStudioVersion = 14.0.25420.1
MinimumVisualStudioVersion = 10.0.40219.1
Project("{FAE04EC0-301F-11D3-BF4B-00C04F79EFBC}") = "Datumlog", "Datumlog\Datumlog.csproj", "{69568116-62AB-4F45-B765-57E082C76307}"
EndProject
Project("{FAE04EC0-301F-11D3-BF4B-00C04F79EFBC}") = "Datumlog.Tests", "Datumlog.Tests\Datumlog.Tests.csproj", "{FF4823DA-C1E1-4605-8168-E63DABCC4083}"
EndProject
Project("{FAE04EC0-301F-11D3-BF4B-00C04F79EFBC}") = "Components", "Components\Components.csproj", "{2FDF0A22-EB89-4F6D-A162-DD794D39A6DF}"
EndProject
Project("{FAE04EC0-301F-11D3-BF4B-00C04F79EFBC}") = "SignalR", "SignalR\SignalR.csproj", "{4DECA55B-BAA5-45D2-B043-59F1D32C7FC3}"
EndProject
Global
	GlobalSection(SolutionConfigurationPlatforms) = preSolution
		Debug|Any CPU = Debug|Any CPU
		Release|Any CPU = Release|Any CPU
	EndGlobalSection
	GlobalSection(ProjectConfigurationPlatforms) = postSolution
		{69568116-62AB-4F45-B765-57E082C76307}.Debug|Any CPU.ActiveCfg = Debug|Any CPU
		{69568116-62AB-4F45-B765-57E082C76307}.Debug|Any CPU.Build.0 = Debug|Any CPU
		{69568116-62AB-4F45-B765-57E082C76307}.Release|Any CPU.ActiveCfg = Release|Any CPU
		{69568116-62AB-4F45-B765-57E082C76307}.Release|Any CPU.Build.0 = Release|Any CPU
		{FF4823DA-C1E1-4605-8168-E63DABCC4083}.Debug|Any CPU.ActiveCfg = Debug|Any CPU
		{FF4823DA-C1E1-4605-8168-E63DABCC4083}.Debug|Any CPU.Build.0 = Debug|Any CPU
		{FF4823DA-C1E1-4605-8168-E63DABCC4083}.Release|Any CPU.ActiveCfg = Release|Any CPU
		{FF4823DA-C1E1-4605-8168-E63DABCC4083}.Release|Any CPU.Build.0 = Release|Any CPU
		{2FDF0A22-EB89-4F6D-A162-DD794D39A6DF}.Debug|Any CPU.ActiveCfg = Debug|Any CPU
		{2FDF0A22-EB89-4F6D-A162-DD794D39A6DF}.Debug|Any CPU.Build.0 = Debug|Any CPU
		{2FDF0A22-EB89-4F6D-A162-DD794D39A6DF}.Release|Any CPU.ActiveCfg = Release|Any CPU
		{2FDF0A22-EB89-4F6D-A162-DD794D39A6DF}.Release|Any CPU.Build.0 = Release|Any CPU
		{4DECA55B-BAA5-45D2-B043-59F1D32C7FC3}.Debug|Any CPU.ActiveCfg = Debug|Any CPU
		{4DECA55B-BAA5-45D2-B043-59F1D32C7FC3}.Debug|Any CPU.Build.0 = Debug|Any CPU
		{4DECA55B-BAA5-45D2-B043-59F1D32C7FC3}.Release|Any CPU.ActiveCfg = Release|Any CPU
		{4DECA55B-BAA5-45D2-B043-59F1D32C7FC3}.Release|Any CPU.Build.0 = Release|Any CPU
	EndGlobalSection
	GlobalSection(SolutionProperties) = preSolution
		HideSolutionNode = FALSE
	EndGlobalSection
EndGlobal
